
Microsoft Visual Studio Solution File, Format Version 12.00
# Visual Studio Version 17
VisualStudioVersion = 17.8.34316.72
MinimumVisualStudioVersion = 10.0.40219.1
Project("{9A19103F-16F7-4668-BE54-9A1E7A4F7556}") = "NoteApp.Server", "NoteApp.Server\NoteApp.Server.csproj", "{A5826951-82DF-47BC-A8C2-1AF7187B5E33}"
EndProject
Project("{54A90642-561A-4BB1-A94E-469ADEE60C69}") = "noteapp.client", "noteapp.client\noteapp.client.esproj", "{9E84148B-D055-4D9F-B2D3-E4B556446231}"
EndProject
Project("{FAE04EC0-301F-11D3-BF4B-00C04F79EFBC}") = "NoteApp.IntegrationTests", "NoteApp.IntegrationTests\NoteApp.IntegrationTests.csproj", "{7A99B4A3-93E6-441C-BC62-DAB017000734}"
EndProject
Global
	GlobalSection(SolutionConfigurationPlatforms) = preSolution
		Debug|Any CPU = Debug|Any CPU
		Release|Any CPU = Release|Any CPU
	EndGlobalSection
	GlobalSection(ProjectConfigurationPlatforms) = postSolution
		{A5826951-82DF-47BC-A8C2-1AF7187B5E33}.Debug|Any CPU.ActiveCfg = Debug|Any CPU
		{A5826951-82DF-47BC-A8C2-1AF7187B5E33}.Debug|Any CPU.Build.0 = Debug|Any CPU
		{A5826951-82DF-47BC-A8C2-1AF7187B5E33}.Release|Any CPU.ActiveCfg = Release|Any CPU
		{A5826951-82DF-47BC-A8C2-1AF7187B5E33}.Release|Any CPU.Build.0 = Release|Any CPU
		{9E84148B-D055-4D9F-B2D3-E4B556446231}.Debug|Any CPU.ActiveCfg = Debug|Any CPU
		{9E84148B-D055-4D9F-B2D3-E4B556446231}.Debug|Any CPU.Build.0 = Debug|Any CPU
		{9E84148B-D055-4D9F-B2D3-E4B556446231}.Debug|Any CPU.Deploy.0 = Debug|Any CPU
		{9E84148B-D055-4D9F-B2D3-E4B556446231}.Release|Any CPU.ActiveCfg = Release|Any CPU
		{9E84148B-D055-4D9F-B2D3-E4B556446231}.Release|Any CPU.Build.0 = Release|Any CPU
		{9E84148B-D055-4D9F-B2D3-E4B556446231}.Release|Any CPU.Deploy.0 = Release|Any CPU
		{7A99B4A3-93E6-441C-BC62-DAB017000734}.Debug|Any CPU.ActiveCfg = Debug|Any CPU
		{7A99B4A3-93E6-441C-BC62-DAB017000734}.Debug|Any CPU.Build.0 = Debug|Any CPU
		{7A99B4A3-93E6-441C-BC62-DAB017000734}.Release|Any CPU.ActiveCfg = Release|Any CPU
		{7A99B4A3-93E6-441C-BC62-DAB017000734}.Release|Any CPU.Build.0 = Release|Any CPU
	EndGlobalSection
	GlobalSection(SolutionProperties) = preSolution
		HideSolutionNode = FALSE
	EndGlobalSection
	GlobalSection(ExtensibilityGlobals) = postSolution
		SolutionGuid = {F31D8C4C-5622-48A3-9A73-C94FFCB5A96B}
	EndGlobalSection
EndGlobal
